{
  "name": "lny-test",
  "version": "1.0.0",
  "lockfileVersion": 1,
  "requires": true,
  "dependencies": {
    "deep-equal": {
      "version": "1.0.1",
      "resolved": "https://registry.npmjs.org/deep-equal/-/deep-equal-1.0.1.tgz",
      "integrity": "sha1-9dJgKStmDghO/0zbyfCK0yR0SLU="
    },
    "vue-uweb": {
      "version": "0.2.1",
      "resolved": "https://registry.npmjs.org/vue-uweb/-/vue-uweb-0.2.1.tgz",
      "integrity": "sha512-KQ89r9tzPR11Lghx8o4Q+gWjY8JvHxYaD7ESqNx3tjEJKhny8qsscoTWEfeEpQbEcJlbuQZaL9x+/oHZJDG9lQ==",
      "requires": {
        "deep-equal": "^1.0.1"
      }
    }
  }
}
